
Microsoft Visual Studio Solution File, Format Version 12.00
# Visual Studio Version 16
VisualStudioVersion = 25.0.1700.0
MinimumVisualStudioVersion = 10.0.40219.1
Project("{FAE04EC0-301F-11D3-BF4B-00C04F79EFBC}") = "Week2.Esercitazione", "Week2.Esercitazione\Week2.Esercitazione.csproj", "{64789592-3DE0-44CD-95D5-0AAC8DD37D41}"
EndProject
Global
	GlobalSection(SolutionConfigurationPlatforms) = preSolution
		Debug|Any CPU = Debug|Any CPU
		Release|Any CPU = Release|Any CPU
	EndGlobalSection
	GlobalSection(ProjectConfigurationPlatforms) = postSolution
		{64789592-3DE0-44CD-95D5-0AAC8DD37D41}.Debug|Any CPU.ActiveCfg = Debug|Any CPU
		{64789592-3DE0-44CD-95D5-0AAC8DD37D41}.Debug|Any CPU.Build.0 = Debug|Any CPU
		{64789592-3DE0-44CD-95D5-0AAC8DD37D41}.Release|Any CPU.ActiveCfg = Release|Any CPU
		{64789592-3DE0-44CD-95D5-0AAC8DD37D41}.Release|Any CPU.Build.0 = Release|Any CPU
	EndGlobalSection
	GlobalSection(SolutionProperties) = preSolution
		HideSolutionNode = FALSE
	EndGlobalSection
	GlobalSection(ExtensibilityGlobals) = postSolution
		SolutionGuid = {EA00093F-C66F-4CC1-A6E4-8FB9F193F58D}
	EndGlobalSection
EndGlobal
